{
  "name": "examples",
  "version": "0.1.0",
  "lockfileVersion": 1,
  "requires": true,
  "dependencies": {
    "crowded": {
      "version": "0.1.9",
      "resolved": "https://registry.npmjs.org/crowded/-/crowded-0.1.9.tgz",
      "integrity": "sha512-bBFakE6MeLNQKw0fw/ijDL0+WvQvR4Q2ZSlTYJBeZrTgLz3VciZqeHejacsxyCkop3uuqdExqxvOjk6TOatf1g=="
    }
  }
}
