{
  "name": "examples",
  "version": "0.1.0",
  "lockfileVersion": 1,
  "requires": true,
  "dependencies": {
    "crowded": {
      "version": "0.1.8",
      "resolved": "https://registry.npmjs.org/crowded/-/crowded-0.1.8.tgz",
      "integrity": "sha512-QRRdnRgdAFh4IkYdA1hXV67ooLXxvor7wjLsTRUrEq0quq9HNp7qmgHDaEZmtYyud2/QGzKlD2lDbV2dF9kE0g=="
    }
  }
}
