{
  "name": "examples",
  "version": "0.1.0",
  "lockfileVersion": 1,
  "requires": true,
  "dependencies": {
    "@ricksteam/recastdetourjs": {
      "version": "0.1.8",
      "resolved": "https://registry.npmjs.org/@ricksteam/recastdetourjs/-/recastdetourjs-0.1.8.tgz",
      "integrity": "sha512-TaIq/t9WHjj2kBLRi5OLKs+bI+SeL1JKrYoY6ve7Febu8ebjKw70wgo7dsdzVN7mKrEYgKQLVwzlyNHNiDL+uQ=="
    }
  }
}
